{
  "version": 4,
  "terraform_version": "1.0.6",
  "serial": 15,
  "lineage": "ec1a1f3a-e677-03d9-9a67-8ad9defd81b3",
  "outputs": {},
  "resources": [
    {
      "mode": "managed",
      "type": "google_cloud_run_v2_service",
      "name": "default",
      "provider": "provider[\"registry.terraform.io/hashicorp/google\"]",
      "instances": [
        {
          "schema_version": 0,
          "attributes": {
            "annotations": {},
            "binary_authorization": [],
            "client": "",
            "client_version": "",
            "conditions": [
              {
                "execution_reason": "",
                "last_transition_time": "2024-10-09T08:26:06.737417Z",
                "message": "",
                "reason": "",
                "revision_reason": "",
                "severity": "",
                "state": "CONDITION_SUCCEEDED",
                "type": "RoutesReady"
              },
              {
                "execution_reason": "",
                "last_transition_time": "2024-10-08T14:39:36.840318Z",
                "message": "",
                "reason": "",
                "revision_reason": "",
                "severity": "",
                "state": "CONDITION_SUCCEEDED",
                "type": "ConfigurationsReady"
              }
            ],
            "create_time": "2024-10-08T14:39:36.769095Z",
            "creator": "stef@ruinard.altostrat.com",
            "delete_time": "",
            "description": "",
            "etag": "\"CJb8mLgGEKDC2L0B/cHJvamVjdHMvZ2Rldi1jbGktdGVzdC1wcm9qZWN0L2xvY2F0aW9ucy91cy1jZW50cmFsMS9zZXJ2aWNlcy9nZGV2LWdlbWluaS1hcHA\"",
            "expire_time": "",
            "generation": "8",
            "id": "projects/gdev-cli-test-project/locations/us-central1/services/gdev-gemini-app",
            "ingress": "INGRESS_TRAFFIC_ALL",
            "labels": {},
            "last_modifier": "stef@ruinard.altostrat.com",
            "latest_created_revision": "projects/gdev-cli-test-project/locations/us-central1/services/gdev-gemini-app/revisions/gdev-gemini-app-00008-vwl",
            "latest_ready_revision": "projects/gdev-cli-test-project/locations/us-central1/services/gdev-gemini-app/revisions/gdev-gemini-app-00008-vwl",
            "launch_stage": "GA",
            "location": "us-central1",
            "name": "gdev-gemini-app",
            "observed_generation": "8",
            "project": "gdev-cli-test-project",
            "reconciling": false,
            "template": [
              {
                "annotations": {},
                "containers": [
                  {
                    "args": [],
                    "command": [],
                    "env": [],
                    "image": "us-central1-docker.pkg.dev/gdev-cli-test-project/cloud-run-source-deploy/gdev-gemini-app@sha256:43ed23b1cc4a61569e959d280e648cad403f706f3d2c218ffb7ec94a10af29bc",
                    "liveness_probe": [],
                    "name": "",
                    "ports": [
                      {
                        "container_port": 8080,
                        "name": "http1"
                      }
                    ],
                    "resources": [
                      {
                        "cpu_idle": true,
                        "limits": {
                          "cpu": "1000m",
                          "memory": "512Mi"
                        },
                        "startup_cpu_boost": false
                      }
                    ],
                    "startup_probe": [
                      {
                        "failure_threshold": 1,
                        "grpc": [],
                        "http_get": [],
                        "initial_delay_seconds": 0,
                        "period_seconds": 240,
                        "tcp_socket": [
                          {
                            "port": 8080
                          }
                        ],
                        "timeout_seconds": 240
                      }
                    ],
                    "volume_mounts": [],
                    "working_dir": ""
                  }
                ],
                "encryption_key": "",
                "execution_environment": "",
                "labels": {
                  "gdev_services": "gems_app"
                },
                "max_instance_request_concurrency": 80,
                "revision": "",
                "scaling": [
                  {
                    "max_instance_count": 100,
                    "min_instance_count": 0
                  }
                ],
                "service_account": "cloud-run-service-account@gdev-cli-test-project.iam.gserviceaccount.com",
                "session_affinity": false,
                "timeout": "300s",
                "volumes": [],
                "vpc_access": []
              }
            ],
            "terminal_condition": [
              {
                "execution_reason": "",
                "last_transition_time": "2024-10-09T08:26:06.777215Z",
                "message": "",
                "reason": "",
                "revision_reason": "",
                "severity": "",
                "state": "CONDITION_SUCCEEDED",
                "type": "Ready"
              }
            ],
            "timeouts": null,
            "traffic": [
              {
                "percent": 100,
                "revision": "",
                "tag": "",
                "type": "TRAFFIC_TARGET_ALLOCATION_TYPE_LATEST"
              }
            ],
            "traffic_statuses": [
              {
                "percent": 100,
                "revision": "",
                "tag": "",
                "type": "TRAFFIC_TARGET_ALLOCATION_TYPE_LATEST",
                "uri": ""
              }
            ],
            "uid": "4efc4702-15a3-4570-83fa-85e305161b45",
            "update_time": "2024-10-09T08:25:58.397812Z",
            "uri": "https://gdev-gemini-app-junnxyvdaq-uc.a.run.app"
          },
          "sensitive_attributes": [],
          "private": "eyJlMmJmYjczMC1lY2FhLTExZTYtOGY4OC0zNDM2M2JjN2M0YzAiOnsiY3JlYXRlIjoxMjAwMDAwMDAwMDAwLCJkZWxldGUiOjEyMDAwMDAwMDAwMDAsInVwZGF0ZSI6MTIwMDAwMDAwMDAwMH19",
          "dependencies": [
            "google_service_account.default"
          ]
        }
      ]
    },
    {
      "mode": "managed",
      "type": "google_project_iam_member",
      "name": "vertex_ai_user",
      "provider": "provider[\"registry.terraform.io/hashicorp/google\"]",
      "instances": [
        {
          "schema_version": 0,
          "attributes": {
            "condition": [],
            "etag": "BwYkBwEbdjU=",
            "id": "gdev-cli-test-project/roles/aiplatform.user/serviceAccount:cloud-run-service-account@gdev-cli-test-project.iam.gserviceaccount.com",
            "member": "serviceAccount:cloud-run-service-account@gdev-cli-test-project.iam.gserviceaccount.com",
            "project": "gdev-cli-test-project",
            "role": "roles/aiplatform.user"
          },
          "sensitive_attributes": [],
          "private": "bnVsbA==",
          "dependencies": [
            "google_service_account.default"
          ]
        }
      ]
    },
    {
      "mode": "managed",
      "type": "google_service_account",
      "name": "default",
      "provider": "provider[\"registry.terraform.io/hashicorp/google\"]",
      "instances": [
        {
          "schema_version": 0,
          "attributes": {
            "account_id": "cloud-run-service-account",
            "description": "",
            "disabled": false,
            "display_name": "Cloud Run Service Account",
            "email": "cloud-run-service-account@gdev-cli-test-project.iam.gserviceaccount.com",
            "id": "projects/gdev-cli-test-project/serviceAccounts/cloud-run-service-account@gdev-cli-test-project.iam.gserviceaccount.com",
            "member": "serviceAccount:cloud-run-service-account@gdev-cli-test-project.iam.gserviceaccount.com",
            "name": "projects/gdev-cli-test-project/serviceAccounts/cloud-run-service-account@gdev-cli-test-project.iam.gserviceaccount.com",
            "project": "gdev-cli-test-project",
            "timeouts": null,
            "unique_id": "116732679399386598798"
          },
          "sensitive_attributes": [],
          "private": "eyJlMmJmYjczMC1lY2FhLTExZTYtOGY4OC0zNDM2M2JjN2M0YzAiOnsiY3JlYXRlIjozMDAwMDAwMDAwMDB9fQ=="
        }
      ]
    }
  ]
}
