{
  "version": 4,
  "terraform_version": "1.0.6",
  "serial": 1,
  "lineage": "ec1a1f3a-e677-03d9-9a67-8ad9defd81b3",
  "outputs": {},
  "resources": [
    {
      "mode": "managed",
      "type": "google_cloud_run_v2_service",
      "name": "default",
      "provider": "provider[\"registry.terraform.io/hashicorp/google\"]",
      "instances": [
        {
          "schema_version": 0,
          "attributes": {
            "annotations": null,
            "binary_authorization": [],
            "client": "",
            "client_version": "",
            "conditions": [
              {
                "execution_reason": "",
                "last_transition_time": "2024-10-08T11:00:31.269380Z",
                "message": "",
                "reason": "",
                "revision_reason": "",
                "severity": "",
                "state": "CONDITION_SUCCEEDED",
                "type": "RoutesReady"
              },
              {
                "execution_reason": "",
                "last_transition_time": "2024-10-08T11:00:10.791147Z",
                "message": "",
                "reason": "",
                "revision_reason": "",
                "severity": "",
                "state": "CONDITION_SUCCEEDED",
                "type": "ConfigurationsReady"
              }
            ],
            "create_time": "2024-10-08T11:00:10.693350Z",
            "creator": "stef@ruinard.altostrat.com",
            "delete_time": "",
            "description": "",
            "etag": "\"CLqhlLgGEPDczsoC/cHJvamVjdHMvZ2Rldi1jbGktdGVzdC1wcm9qZWN0L2xvY2F0aW9ucy91cy1jZW50cmFsMS9zZXJ2aWNlcy9nZGV2LWdlbWluaS1hcHA\"",
            "expire_time": "",
            "generation": "1",
            "id": "projects/gdev-cli-test-project/locations/us-central1/services/gdev-gemini-app",
            "ingress": "INGRESS_TRAFFIC_ALL",
            "labels": null,
            "last_modifier": "stef@ruinard.altostrat.com",
            "latest_created_revision": "projects/gdev-cli-test-project/locations/us-central1/services/gdev-gemini-app/revisions/gdev-gemini-app-00001-6r5",
            "latest_ready_revision": "projects/gdev-cli-test-project/locations/us-central1/services/gdev-gemini-app/revisions/gdev-gemini-app-00001-6r5",
            "launch_stage": "GA",
            "location": "us-central1",
            "name": "gdev-gemini-app",
            "observed_generation": "1",
            "project": "gdev-cli-test-project",
            "reconciling": false,
            "template": [
              {
                "annotations": null,
                "containers": [
                  {
                    "args": null,
                    "command": null,
                    "env": [],
                    "image": "gcr.io/cloudrun/hello",
                    "liveness_probe": [],
                    "name": "",
                    "ports": [
                      {
                        "container_port": 8080,
                        "name": "http1"
                      }
                    ],
                    "resources": [
                      {
                        "cpu_idle": true,
                        "limits": {
                          "cpu": "1000m",
                          "memory": "512Mi"
                        },
                        "startup_cpu_boost": false
                      }
                    ],
                    "startup_probe": [
                      {
                        "failure_threshold": 1,
                        "grpc": [],
                        "http_get": [],
                        "initial_delay_seconds": 0,
                        "period_seconds": 240,
                        "tcp_socket": [
                          {
                            "port": 8080
                          }
                        ],
                        "timeout_seconds": 240
                      }
                    ],
                    "volume_mounts": [],
                    "working_dir": ""
                  }
                ],
                "encryption_key": "",
                "execution_environment": "",
                "labels": {
                  "gdev_services": "web"
                },
                "max_instance_request_concurrency": 80,
                "revision": "",
                "scaling": [
                  {
                    "max_instance_count": 100,
                    "min_instance_count": 0
                  }
                ],
                "service_account": "1088250792734-compute@developer.gserviceaccount.com",
                "session_affinity": false,
                "timeout": "300s",
                "volumes": [],
                "vpc_access": []
              }
            ],
            "terminal_condition": [
              {
                "execution_reason": "",
                "last_transition_time": "2024-10-08T11:00:31.298336Z",
                "message": "",
                "reason": "",
                "revision_reason": "",
                "severity": "",
                "state": "CONDITION_SUCCEEDED",
                "type": "Ready"
              }
            ],
            "timeouts": null,
            "traffic": [
              {
                "percent": 100,
                "revision": "",
                "tag": "",
                "type": "TRAFFIC_TARGET_ALLOCATION_TYPE_LATEST"
              }
            ],
            "traffic_statuses": [
              {
                "percent": 100,
                "revision": "",
                "tag": "",
                "type": "TRAFFIC_TARGET_ALLOCATION_TYPE_LATEST",
                "uri": ""
              }
            ],
            "uid": "11644d06-4e67-4abb-9675-34de8263d24d",
            "update_time": "2024-10-08T11:00:10.693350Z",
            "uri": "https://gdev-gemini-app-junnxyvdaq-uc.a.run.app"
          },
          "sensitive_attributes": [],
          "private": "eyJlMmJmYjczMC1lY2FhLTExZTYtOGY4OC0zNDM2M2JjN2M0YzAiOnsiY3JlYXRlIjoxMjAwMDAwMDAwMDAwLCJkZWxldGUiOjEyMDAwMDAwMDAwMDAsInVwZGF0ZSI6MTIwMDAwMDAwMDAwMH19"
        }
      ]
    }
  ]
}
